
Microsoft Visual Studio Solution File, Format Version 12.00
# Visual Studio Version 16
VisualStudioVersion = 16.0.30011.22
MinimumVisualStudioVersion = 10.0.40219.1
Project("{FAE04EC0-301F-11D3-BF4B-00C04F79EFBC}") = "Excel to HH", "Excel to HH\Excel to HH.csproj", "{994D71E1-5613-404F-8D83-A6B7621D72FB}"
EndProject
Project("{2150E333-8FDC-42A3-9474-1A3956D46DE8}") = "Solution Items", "Solution Items", "{7FA25638-A7B7-4363-8A0D-E326BE888372}"
EndProject
Global
	GlobalSection(SolutionConfigurationPlatforms) = preSolution
		Debug|Any CPU = Debug|Any CPU
		Release|Any CPU = Release|Any CPU
	EndGlobalSection
	GlobalSection(ProjectConfigurationPlatforms) = postSolution
		{994D71E1-5613-404F-8D83-A6B7621D72FB}.Debug|Any CPU.ActiveCfg = Debug|Any CPU
		{994D71E1-5613-404F-8D83-A6B7621D72FB}.Debug|Any CPU.Build.0 = Debug|Any CPU
		{994D71E1-5613-404F-8D83-A6B7621D72FB}.Release|Any CPU.ActiveCfg = Release|Any CPU
		{994D71E1-5613-404F-8D83-A6B7621D72FB}.Release|Any CPU.Build.0 = Release|Any CPU
	EndGlobalSection
	GlobalSection(SolutionProperties) = preSolution
		HideSolutionNode = FALSE
	EndGlobalSection
	GlobalSection(ExtensibilityGlobals) = postSolution
		SolutionGuid = {30F2EC12-EF77-4C9A-B3B8-7E07E8D908A7}
	EndGlobalSection
EndGlobal
